// !$*UTF8*$!
{
	archiveVersion = 1;
	classes = {
	};
	objectVersion = 50;
	objects = {

/* Begin PBXBuildFile section */
		3E2066A020D03868000957C1 /* AVFoundation.framework in Frameworks */ = {isa = PBXBuildFile; fileRef = 3E20669F20D03868000957C1 /* AVFoundation.framework */; };
		3E2066A420D05121000957C1 /* BayBreeze.wav in Resources */ = {isa = PBXBuildFile; fileRef = 3E2066A320D05121000957C1 /* BayBreeze.wav */; };
		3E223FFA20A8A2EE006A7D07 /* AppDelegate.swift in Sources */ = {isa = PBXBuildFile; fileRef = 3E223FF920A8A2EE006A7D07 /* AppDelegate.swift */; };
		3E223FFC20A8A2EE006A7D07 /* ViewController.swift in Sources */ = {isa = PBXBuildFile; fileRef = 3E223FFB20A8A2EE006A7D07 /* ViewController.swift */; };
		3E223FFF20A8A2EE006A7D07 /* Main.storyboard in Resources */ = {isa = PBXBuildFile; fileRef = 3E223FFD20A8A2EE006A7D07 /* Main.storyboard */; };
		3E22400220A8A2EE006A7D07 /* univerSwuSaga.xcdatamodeld in Sources */ = {isa = PBXBuildFile; fileRef = 3E22400020A8A2EE006A7D07 /* univerSwuSaga.xcdatamodeld */; };
		3E22400420A8A2EE006A7D07 /* Assets.xcassets in Resources */ = {isa = PBXBuildFile; fileRef = 3E22400320A8A2EE006A7D07 /* Assets.xcassets */; };
		3E22400720A8A2EE006A7D07 /* LaunchScreen.storyboard in Resources */ = {isa = PBXBuildFile; fileRef = 3E22400520A8A2EE006A7D07 /* LaunchScreen.storyboard */; };
		3E4285A320BC5A5900AAE028 /* GameViewController.swift in Sources */ = {isa = PBXBuildFile; fileRef = 3E4285A220BC5A5900AAE028 /* GameViewController.swift */; };
		3E4285BA20BC610E00AAE028 /* Background.png in Resources */ = {isa = PBXBuildFile; fileRef = 3E4285AF20BC610D00AAE028 /* Background.png */; };
		3E4285BB20BC610E00AAE028 /* Block2.png in Resources */ = {isa = PBXBuildFile; fileRef = 3E4285B020BC610D00AAE028 /* Block2.png */; };
		3E4285BC20BC610E00AAE028 /* Block3.png in Resources */ = {isa = PBXBuildFile; fileRef = 3E4285B120BC610D00AAE028 /* Block3.png */; };
		3E4285BD20BC610E00AAE028 /* ButtonLogin.png in Resources */ = {isa = PBXBuildFile; fileRef = 3E4285B220BC610D00AAE028 /* ButtonLogin.png */; };
		3E4285BF20BC610E00AAE028 /* Block5.png in Resources */ = {isa = PBXBuildFile; fileRef = 3E4285B420BC610D00AAE028 /* Block5.png */; };
		3E4285C020BC610E00AAE028 /* Block1.png in Resources */ = {isa = PBXBuildFile; fileRef = 3E4285B520BC610D00AAE028 /* Block1.png */; };
		3E4285C120BC610E00AAE028 /* ButtonJoin.png in Resources */ = {isa = PBXBuildFile; fileRef = 3E4285B620BC610E00AAE028 /* ButtonJoin.png */; };
		3E4285C220BC610E00AAE028 /* GameBackground.png in Resources */ = {isa = PBXBuildFile; fileRef = 3E4285B720BC610E00AAE028 /* GameBackground.png */; };
		3E4285C320BC610E00AAE028 /* ButtonPlay.png in Resources */ = {isa = PBXBuildFile; fileRef = 3E4285B820BC610E00AAE028 /* ButtonPlay.png */; };
		3E4285C420BC610E00AAE028 /* Block4.png in Resources */ = {isa = PBXBuildFile; fileRef = 3E4285B920BC610E00AAE028 /* Block4.png */; };
		3E4285C620BCBB2400AAE028 /* Block6.png in Resources */ = {isa = PBXBuildFile; fileRef = 3E4285C520BCBB2300AAE028 /* Block6.png */; };
		3E478CF820D7AFE700B33A19 /* Icon 1024x1024.jpg in Resources */ = {isa = PBXBuildFile; fileRef = 3E478CF720D7AFE700B33A19 /* Icon 1024x1024.jpg */; };
		3E478CFC20D7B0B500B33A19 /* Icon 120x120.jpg in Resources */ = {isa = PBXBuildFile; fileRef = 3E478CFB20D7B0B500B33A19 /* Icon 120x120.jpg */; };
		3E478CFE20D7B0DE00B33A19 /* Icon 180x180.jpg in Resources */ = {isa = PBXBuildFile; fileRef = 3E478CFD20D7B0DE00B33A19 /* Icon 180x180.jpg */; };
		3E478D0020D7B13600B33A19 /* Icon 152x152.jpg in Resources */ = {isa = PBXBuildFile; fileRef = 3E478CFF20D7B13600B33A19 /* Icon 152x152.jpg */; };
		3E478D0220D7B16C00B33A19 /* Icon 167x167.jpg in Resources */ = {isa = PBXBuildFile; fileRef = 3E478D0120D7B16C00B33A19 /* Icon 167x167.jpg */; };
		3E644CF520BD1B0B0089A411 /* ButtonBack.png in Resources */ = {isa = PBXBuildFile; fileRef = 3E644CF420BD1B0A0089A411 /* ButtonBack.png */; };
		3E644CF720BD69960089A411 /* ButtonRecord.png in Resources */ = {isa = PBXBuildFile; fileRef = 3E644CF620BD69960089A411 /* ButtonRecord.png */; };
		3E644CF920BD6B0E0089A411 /* RecordTableViewController.swift in Sources */ = {isa = PBXBuildFile; fileRef = 3E644CF820BD6B0E0089A411 /* RecordTableViewController.swift */; };
		3E644CFB20BD70A00089A411 /* ButtonRegame.png in Resources */ = {isa = PBXBuildFile; fileRef = 3E644CFA20BD709F0089A411 /* ButtonRegame.png */; };
		3E644CFF20BD82EA0089A411 /* ButtonLogout.png in Resources */ = {isa = PBXBuildFile; fileRef = 3E644CFE20BD82EA0089A411 /* ButtonLogout.png */; };
		3E78BD9820D9473600AADBC0 /* SoundMoveFail.wav in Resources */ = {isa = PBXBuildFile; fileRef = 3E78BD9420D9473600AADBC0 /* SoundMoveFail.wav */; };
		3E78BD9920D9473600AADBC0 /* SoundSelected.WAV in Resources */ = {isa = PBXBuildFile; fileRef = 3E78BD9520D9473600AADBC0 /* SoundSelected.WAV */; };
		3E78BD9A20D9473600AADBC0 /* SoundMoveSuccess.wav in Resources */ = {isa = PBXBuildFile; fileRef = 3E78BD9620D9473600AADBC0 /* SoundMoveSuccess.wav */; };
		3E78BD9B20D9473600AADBC0 /* SoundClick.wav in Resources */ = {isa = PBXBuildFile; fileRef = 3E78BD9720D9473600AADBC0 /* SoundClick.wav */; };
		3E79687020D5606300F67483 /* DetailsBackground.png in Resources */ = {isa = PBXBuildFile; fileRef = 3E79686F20D5606300F67483 /* DetailsBackground.png */; };
		3E79687220D5636100F67483 /* RankingDetailsViewController.swift in Sources */ = {isa = PBXBuildFile; fileRef = 3E79687120D5636100F67483 /* RankingDetailsViewController.swift */; };
		3E79687420D5636F00F67483 /* RecordDetailsViewController.swift in Sources */ = {isa = PBXBuildFile; fileRef = 3E79687320D5636F00F67483 /* RecordDetailsViewController.swift */; };
		3E79687620D5795400F67483 /* ButtonRanking.png in Resources */ = {isa = PBXBuildFile; fileRef = 3E79687520D5795300F67483 /* ButtonRanking.png */; };
		3E79687820D5A05C00F67483 /* UserData.swift in Sources */ = {isa = PBXBuildFile; fileRef = 3E79687720D5A05C00F67483 /* UserData.swift */; };
		3E79687A20D6488900F67483 /* UserScore.swift in Sources */ = {isa = PBXBuildFile; fileRef = 3E79687920D6488900F67483 /* UserScore.swift */; };
		3E79687E20D69EDE00F67483 /* LocalRecordTableViewController.swift in Sources */ = {isa = PBXBuildFile; fileRef = 3E79687D20D69EDE00F67483 /* LocalRecordTableViewController.swift */; };
		3E79688020D6B00B00F67483 /* LocalRecordDetailsViewController.swift in Sources */ = {isa = PBXBuildFile; fileRef = 3E79687F20D6B00B00F67483 /* LocalRecordDetailsViewController.swift */; };
		3ED8463D20BD0A76003C4F63 /* SettingIcon.png in Resources */ = {isa = PBXBuildFile; fileRef = 3ED8463C20BD0A76003C4F63 /* SettingIcon.png */; };
		3ED8464320BD1019003C4F63 /* JoinViewController.swift in Sources */ = {isa = PBXBuildFile; fileRef = 3ED8464220BD1019003C4F63 /* JoinViewController.swift */; };
		3ED8464520BD103C003C4F63 /* LoginViewController.swift in Sources */ = {isa = PBXBuildFile; fileRef = 3ED8464420BD103C003C4F63 /* LoginViewController.swift */; };
		3ED8464720BD107A003C4F63 /* UserViewController.swift in Sources */ = {isa = PBXBuildFile; fileRef = 3ED8464620BD107A003C4F63 /* UserViewController.swift */; };
		3ED8464920BD10AD003C4F63 /* SettingViewController.swift in Sources */ = {isa = PBXBuildFile; fileRef = 3ED8464820BD10AD003C4F63 /* SettingViewController.swift */; };
		3ED8464B20BD10E7003C4F63 /* RankingTableViewController.swift in Sources */ = {isa = PBXBuildFile; fileRef = 3ED8464A20BD10E7003C4F63 /* RankingTableViewController.swift */; };
/* End PBXBuildFile section */

/* Begin PBXFileReference section */
		3E20669F20D03868000957C1 /* AVFoundation.framework */ = {isa = PBXFileReference; lastKnownFileType = wrapper.framework; name = AVFoundation.framework; path = System/Library/Frameworks/AVFoundation.framework; sourceTree = SDKROOT; };
		3E2066A320D05121000957C1 /* BayBreeze.wav */ = {isa = PBXFileReference; lastKnownFileType = audio.wav; path = BayBreeze.wav; sourceTree = "<group>"; };
		3E223FF620A8A2EE006A7D07 /* univerSwuSaga.app */ = {isa = PBXFileReference; explicitFileType = wrapper.application; includeInIndex = 0; path = univerSwuSaga.app; sourceTree = BUILT_PRODUCTS_DIR; };
		3E223FF920A8A2EE006A7D07 /* AppDelegate.swift */ = {isa = PBXFileReference; lastKnownFileType = sourcecode.swift; path = AppDelegate.swift; sourceTree = "<group>"; };
		3E223FFB20A8A2EE006A7D07 /* ViewController.swift */ = {isa = PBXFileReference; lastKnownFileType = sourcecode.swift; path = ViewController.swift; sourceTree = "<group>"; };
		3E223FFE20A8A2EE006A7D07 /* Base */ = {isa = PBXFileReference; lastKnownFileType = file.storyboard; name = Base; path = Base.lproj/Main.storyboard; sourceTree = "<group>"; };
		3E22400120A8A2EE006A7D07 /* univerSwuSaga.xcdatamodel */ = {isa = PBXFileReference; lastKnownFileType = wrapper.xcdatamodel; path = univerSwuSaga.xcdatamodel; sourceTree = "<group>"; };
		3E22400320A8A2EE006A7D07 /* Assets.xcassets */ = {isa = PBXFileReference; lastKnownFileType = folder.assetcatalog; path = Assets.xcassets; sourceTree = "<group>"; };
		3E22400620A8A2EE006A7D07 /* Base */ = {isa = PBXFileReference; lastKnownFileType = file.storyboard; name = Base; path = Base.lproj/LaunchScreen.storyboard; sourceTree = "<group>"; };
		3E22400820A8A2EE006A7D07 /* Info.plist */ = {isa = PBXFileReference; lastKnownFileType = text.plist.xml; path = Info.plist; sourceTree = "<group>"; };
		3E4285A220BC5A5900AAE028 /* GameViewController.swift */ = {isa = PBXFileReference; lastKnownFileType = sourcecode.swift; path = GameViewController.swift; sourceTree = "<group>"; };
		3E4285AF20BC610D00AAE028 /* Background.png */ = {isa = PBXFileReference; lastKnownFileType = image.png; path = Background.png; sourceTree = "<group>"; };
		3E4285B020BC610D00AAE028 /* Block2.png */ = {isa = PBXFileReference; lastKnownFileType = image.png; path = Block2.png; sourceTree = "<group>"; };
		3E4285B120BC610D00AAE028 /* Block3.png */ = {isa = PBXFileReference; lastKnownFileType = image.png; path = Block3.png; sourceTree = "<group>"; };
		3E4285B220BC610D00AAE028 /* ButtonLogin.png */ = {isa = PBXFileReference; lastKnownFileType = image.png; path = ButtonLogin.png; sourceTree = "<group>"; };
		3E4285B420BC610D00AAE028 /* Block5.png */ = {isa = PBXFileReference; lastKnownFileType = image.png; path = Block5.png; sourceTree = "<group>"; };
		3E4285B520BC610D00AAE028 /* Block1.png */ = {isa = PBXFileReference; lastKnownFileType = image.png; path = Block1.png; sourceTree = "<group>"; };
		3E4285B620BC610E00AAE028 /* ButtonJoin.png */ = {isa = PBXFileReference; lastKnownFileType = image.png; path = ButtonJoin.png; sourceTree = "<group>"; };
		3E4285B720BC610E00AAE028 /* GameBackground.png */ = {isa = PBXFileReference; lastKnownFileType = image.png; path = GameBackground.png; sourceTree = "<group>"; };
		3E4285B820BC610E00AAE028 /* ButtonPlay.png */ = {isa = PBXFileReference; lastKnownFileType = image.png; path = ButtonPlay.png; sourceTree = "<group>"; };
		3E4285B920BC610E00AAE028 /* Block4.png */ = {isa = PBXFileReference; lastKnownFileType = image.png; path = Block4.png; sourceTree = "<group>"; };
		3E4285C520BCBB2300AAE028 /* Block6.png */ = {isa = PBXFileReference; lastKnownFileType = image.png; path = Block6.png; sourceTree = "<group>"; };
		3E478CF720D7AFE700B33A19 /* Icon 1024x1024.jpg */ = {isa = PBXFileReference; lastKnownFileType = image.jpeg; path = "Icon 1024x1024.jpg"; sourceTree = "<group>"; };
		3E478CFB20D7B0B500B33A19 /* Icon 120x120.jpg */ = {isa = PBXFileReference; lastKnownFileType = image.jpeg; path = "Icon 120x120.jpg"; sourceTree = "<group>"; };
		3E478CFD20D7B0DE00B33A19 /* Icon 180x180.jpg */ = {isa = PBXFileReference; lastKnownFileType = image.jpeg; path = "Icon 180x180.jpg"; sourceTree = "<group>"; };
		3E478CFF20D7B13600B33A19 /* Icon 152x152.jpg */ = {isa = PBXFileReference; lastKnownFileType = image.jpeg; path = "Icon 152x152.jpg"; sourceTree = "<group>"; };
		3E478D0120D7B16C00B33A19 /* Icon 167x167.jpg */ = {isa = PBXFileReference; lastKnownFileType = image.jpeg; path = "Icon 167x167.jpg"; sourceTree = "<group>"; };
		3E644CF420BD1B0A0089A411 /* ButtonBack.png */ = {isa = PBXFileReference; lastKnownFileType = image.png; path = ButtonBack.png; sourceTree = "<group>"; };
		3E644CF620BD69960089A411 /* ButtonRecord.png */ = {isa = PBXFileReference; lastKnownFileType = image.png; path = ButtonRecord.png; sourceTree = "<group>"; };
		3E644CF820BD6B0E0089A411 /* RecordTableViewController.swift */ = {isa = PBXFileReference; lastKnownFileType = sourcecode.swift; path = RecordTableViewController.swift; sourceTree = "<group>"; };
		3E644CFA20BD709F0089A411 /* ButtonRegame.png */ = {isa = PBXFileReference; lastKnownFileType = image.png; path = ButtonRegame.png; sourceTree = "<group>"; };
		3E644CFE20BD82EA0089A411 /* ButtonLogout.png */ = {isa = PBXFileReference; lastKnownFileType = image.png; path = ButtonLogout.png; sourceTree = "<group>"; };
		3E78BD9420D9473600AADBC0 /* SoundMoveFail.wav */ = {isa = PBXFileReference; lastKnownFileType = audio.wav; path = SoundMoveFail.wav; sourceTree = "<group>"; };
		3E78BD9520D9473600AADBC0 /* SoundSelected.WAV */ = {isa = PBXFileReference; lastKnownFileType = audio.wav; path = SoundSelected.WAV; sourceTree = "<group>"; };
		3E78BD9620D9473600AADBC0 /* SoundMoveSuccess.wav */ = {isa = PBXFileReference; lastKnownFileType = audio.wav; path = SoundMoveSuccess.wav; sourceTree = "<group>"; };
		3E78BD9720D9473600AADBC0 /* SoundClick.wav */ = {isa = PBXFileReference; lastKnownFileType = audio.wav; path = SoundClick.wav; sourceTree = "<group>"; };
		3E79686F20D5606300F67483 /* DetailsBackground.png */ = {isa = PBXFileReference; lastKnownFileType = image.png; path = DetailsBackground.png; sourceTree = "<group>"; };
		3E79687120D5636100F67483 /* RankingDetailsViewController.swift */ = {isa = PBXFileReference; lastKnownFileType = sourcecode.swift; path = RankingDetailsViewController.swift; sourceTree = "<group>"; };
		3E79687320D5636F00F67483 /* RecordDetailsViewController.swift */ = {isa = PBXFileReference; lastKnownFileType = sourcecode.swift; path = RecordDetailsViewController.swift; sourceTree = "<group>"; };
		3E79687520D5795300F67483 /* ButtonRanking.png */ = {isa = PBXFileReference; lastKnownFileType = image.png; path = ButtonRanking.png; sourceTree = "<group>"; };
		3E79687720D5A05C00F67483 /* UserData.swift */ = {isa = PBXFileReference; lastKnownFileType = sourcecode.swift; path = UserData.swift; sourceTree = "<group>"; };
		3E79687920D6488900F67483 /* UserScore.swift */ = {isa = PBXFileReference; lastKnownFileType = sourcecode.swift; path = UserScore.swift; sourceTree = "<group>"; };
		3E79687D20D69EDE00F67483 /* LocalRecordTableViewController.swift */ = {isa = PBXFileReference; lastKnownFileType = sourcecode.swift; path = LocalRecordTableViewController.swift; sourceTree = "<group>"; };
		3E79687F20D6B00B00F67483 /* LocalRecordDetailsViewController.swift */ = {isa = PBXFileReference; lastKnownFileType = sourcecode.swift; path = LocalRecordDetailsViewController.swift; sourceTree = "<group>"; };
		3ED8463C20BD0A76003C4F63 /* SettingIcon.png */ = {isa = PBXFileReference; lastKnownFileType = image.png; path = SettingIcon.png; sourceTree = "<group>"; };
		3ED8464220BD1019003C4F63 /* JoinViewController.swift */ = {isa = PBXFileReference; lastKnownFileType = sourcecode.swift; path = JoinViewController.swift; sourceTree = "<group>"; };
		3ED8464420BD103C003C4F63 /* LoginViewController.swift */ = {isa = PBXFileReference; lastKnownFileType = sourcecode.swift; path = LoginViewController.swift; sourceTree = "<group>"; };
		3ED8464620BD107A003C4F63 /* UserViewController.swift */ = {isa = PBXFileReference; lastKnownFileType = sourcecode.swift; path = UserViewController.swift; sourceTree = "<group>"; };
		3ED8464820BD10AD003C4F63 /* SettingViewController.swift */ = {isa = PBXFileReference; lastKnownFileType = sourcecode.swift; path = SettingViewController.swift; sourceTree = "<group>"; };
		3ED8464A20BD10E7003C4F63 /* RankingTableViewController.swift */ = {isa = PBXFileReference; lastKnownFileType = sourcecode.swift; path = RankingTableViewController.swift; sourceTree = "<group>"; };
/* End PBXFileReference section */

/* Begin PBXFrameworksBuildPhase section */
		3E223FF320A8A2EE006A7D07 /* Frameworks */ = {
			isa = PBXFrameworksBuildPhase;
			buildActionMask = 2147483647;
			files = (
				3E2066A020D03868000957C1 /* AVFoundation.framework in Frameworks */,
			);
			runOnlyForDeploymentPostprocessing = 0;
		};
/* End PBXFrameworksBuildPhase section */

/* Begin PBXGroup section */
		3E20669E20D03868000957C1 /* Frameworks */ = {
			isa = PBXGroup;
			children = (
				3E20669F20D03868000957C1 /* AVFoundation.framework */,
			);
			name = Frameworks;
			sourceTree = "<group>";
		};
		3E223FED20A8A2EE006A7D07 = {
			isa = PBXGroup;
			children = (
				3E223FF820A8A2EE006A7D07 /* univerSwuSaga */,
				3E223FF720A8A2EE006A7D07 /* Products */,
				3E20669E20D03868000957C1 /* Frameworks */,
			);
			sourceTree = "<group>";
		};
		3E223FF720A8A2EE006A7D07 /* Products */ = {
			isa = PBXGroup;
			children = (
				3E223FF620A8A2EE006A7D07 /* univerSwuSaga.app */,
			);
			name = Products;
			sourceTree = "<group>";
		};
		3E223FF820A8A2EE006A7D07 /* univerSwuSaga */ = {
			isa = PBXGroup;
			children = (
				3E79686420D4E92B00F67483 /* Sound Source */,
				3E79686320D4E91D00F67483 /* Image Source */,
				3E223FF920A8A2EE006A7D07 /* AppDelegate.swift */,
				3E223FFB20A8A2EE006A7D07 /* ViewController.swift */,
				3ED8464220BD1019003C4F63 /* JoinViewController.swift */,
				3ED8464420BD103C003C4F63 /* LoginViewController.swift */,
				3ED8464620BD107A003C4F63 /* UserViewController.swift */,
				3ED8464A20BD10E7003C4F63 /* RankingTableViewController.swift */,
				3E79687120D5636100F67483 /* RankingDetailsViewController.swift */,
				3E644CF820BD6B0E0089A411 /* RecordTableViewController.swift */,
				3E79687320D5636F00F67483 /* RecordDetailsViewController.swift */,
				3E79687D20D69EDE00F67483 /* LocalRecordTableViewController.swift */,
				3E79687F20D6B00B00F67483 /* LocalRecordDetailsViewController.swift */,
				3ED8464820BD10AD003C4F63 /* SettingViewController.swift */,
				3E4285A220BC5A5900AAE028 /* GameViewController.swift */,
				3E79687720D5A05C00F67483 /* UserData.swift */,
				3E79687920D6488900F67483 /* UserScore.swift */,
				3E223FFD20A8A2EE006A7D07 /* Main.storyboard */,
				3E22400520A8A2EE006A7D07 /* LaunchScreen.storyboard */,
				3E22400320A8A2EE006A7D07 /* Assets.xcassets */,
				3E22400820A8A2EE006A7D07 /* Info.plist */,
				3E22400020A8A2EE006A7D07 /* univerSwuSaga.xcdatamodeld */,
			);
			path = univerSwuSaga;
			sourceTree = "<group>";
		};
		3E79686320D4E91D00F67483 /* Image Source */ = {
			isa = PBXGroup;
			children = (
				3E478CFB20D7B0B500B33A19 /* Icon 120x120.jpg */,
				3E478CFF20D7B13600B33A19 /* Icon 152x152.jpg */,
				3E478D0120D7B16C00B33A19 /* Icon 167x167.jpg */,
				3E478CFD20D7B0DE00B33A19 /* Icon 180x180.jpg */,
				3E478CF720D7AFE700B33A19 /* Icon 1024x1024.jpg */,
				3E79687520D5795300F67483 /* ButtonRanking.png */,
				3E79686F20D5606300F67483 /* DetailsBackground.png */,
				3E4285AF20BC610D00AAE028 /* Background.png */,
				3E4285B520BC610D00AAE028 /* Block1.png */,
				3E4285B020BC610D00AAE028 /* Block2.png */,
				3E4285B120BC610D00AAE028 /* Block3.png */,
				3E4285B920BC610E00AAE028 /* Block4.png */,
				3E4285B420BC610D00AAE028 /* Block5.png */,
				3E4285C520BCBB2300AAE028 /* Block6.png */,
				3E644CF420BD1B0A0089A411 /* ButtonBack.png */,
				3E4285B620BC610E00AAE028 /* ButtonJoin.png */,
				3E4285B220BC610D00AAE028 /* ButtonLogin.png */,
				3E644CFE20BD82EA0089A411 /* ButtonLogout.png */,
				3E4285B820BC610E00AAE028 /* ButtonPlay.png */,
				3E644CF620BD69960089A411 /* ButtonRecord.png */,
				3E644CFA20BD709F0089A411 /* ButtonRegame.png */,
				3E4285B720BC610E00AAE028 /* GameBackground.png */,
				3ED8463C20BD0A76003C4F63 /* SettingIcon.png */,
			);
			path = "Image Source";
			sourceTree = "<group>";
		};
		3E79686420D4E92B00F67483 /* Sound Source */ = {
			isa = PBXGroup;
			children = (
				3E78BD9720D9473600AADBC0 /* SoundClick.wav */,
				3E78BD9420D9473600AADBC0 /* SoundMoveFail.wav */,
				3E78BD9620D9473600AADBC0 /* SoundMoveSuccess.wav */,
				3E78BD9520D9473600AADBC0 /* SoundSelected.WAV */,
				3E2066A320D05121000957C1 /* BayBreeze.wav */,
			);
			path = "Sound Source";
			sourceTree = "<group>";
		};
/* End PBXGroup section */

/* Begin PBXNativeTarget section */
		3E223FF520A8A2EE006A7D07 /* univerSwuSaga */ = {
			isa = PBXNativeTarget;
			buildConfigurationList = 3E22400B20A8A2EE006A7D07 /* Build configuration list for PBXNativeTarget "univerSwuSaga" */;
			buildPhases = (
				3E223FF220A8A2EE006A7D07 /* Sources */,
				3E223FF320A8A2EE006A7D07 /* Frameworks */,
				3E223FF420A8A2EE006A7D07 /* Resources */,
			);
			buildRules = (
			);
			dependencies = (
			);
			name = univerSwuSaga;
			productName = univerSwuSaga;
			productReference = 3E223FF620A8A2EE006A7D07 /* univerSwuSaga.app */;
			productType = "com.apple.product-type.application";
		};
/* End PBXNativeTarget section */

/* Begin PBXProject section */
		3E223FEE20A8A2EE006A7D07 /* Project object */ = {
			isa = PBXProject;
			attributes = {
				LastSwiftUpdateCheck = 0930;
				LastUpgradeCheck = 0930;
				ORGANIZATIONNAME = "김예빈";
				TargetAttributes = {
					3E223FF520A8A2EE006A7D07 = {
						CreatedOnToolsVersion = 9.3;
					};
				};
			};
			buildConfigurationList = 3E223FF120A8A2EE006A7D07 /* Build configuration list for PBXProject "univerSwuSaga" */;
			compatibilityVersion = "Xcode 9.3";
			developmentRegion = en;
			hasScannedForEncodings = 0;
			knownRegions = (
				en,
				Base,
			);
			mainGroup = 3E223FED20A8A2EE006A7D07;
			productRefGroup = 3E223FF720A8A2EE006A7D07 /* Products */;
			projectDirPath = "";
			projectRoot = "";
			targets = (
				3E223FF520A8A2EE006A7D07 /* univerSwuSaga */,
			);
		};
/* End PBXProject section */

/* Begin PBXResourcesBuildPhase section */
		3E223FF420A8A2EE006A7D07 /* Resources */ = {
			isa = PBXResourcesBuildPhase;
			buildActionMask = 2147483647;
			files = (
				3E478D0220D7B16C00B33A19 /* Icon 167x167.jpg in Resources */,
				3E644CF520BD1B0B0089A411 /* ButtonBack.png in Resources */,
				3E478CF820D7AFE700B33A19 /* Icon 1024x1024.jpg in Resources */,
				3E22400720A8A2EE006A7D07 /* LaunchScreen.storyboard in Resources */,
				3E4285C420BC610E00AAE028 /* Block4.png in Resources */,
				3E22400420A8A2EE006A7D07 /* Assets.xcassets in Resources */,
				3E4285BC20BC610E00AAE028 /* Block3.png in Resources */,
				3E2066A420D05121000957C1 /* BayBreeze.wav in Resources */,
				3E644CF720BD69960089A411 /* ButtonRecord.png in Resources */,
				3E78BD9820D9473600AADBC0 /* SoundMoveFail.wav in Resources */,
				3E4285BA20BC610E00AAE028 /* Background.png in Resources */,
				3E4285C120BC610E00AAE028 /* ButtonJoin.png in Resources */,
				3ED8463D20BD0A76003C4F63 /* SettingIcon.png in Resources */,
				3E478CFE20D7B0DE00B33A19 /* Icon 180x180.jpg in Resources */,
				3E79687020D5606300F67483 /* DetailsBackground.png in Resources */,
				3E644CFF20BD82EA0089A411 /* ButtonLogout.png in Resources */,
				3E4285C320BC610E00AAE028 /* ButtonPlay.png in Resources */,
				3E4285BB20BC610E00AAE028 /* Block2.png in Resources */,
				3E644CFB20BD70A00089A411 /* ButtonRegame.png in Resources */,
				3E4285BF20BC610E00AAE028 /* Block5.png in Resources */,
				3E223FFF20A8A2EE006A7D07 /* Main.storyboard in Resources */,
				3E79687620D5795400F67483 /* ButtonRanking.png in Resources */,
				3E78BD9B20D9473600AADBC0 /* SoundClick.wav in Resources */,
				3E478D0020D7B13600B33A19 /* Icon 152x152.jpg in Resources */,
				3E4285BD20BC610E00AAE028 /* ButtonLogin.png in Resources */,
				3E4285C220BC610E00AAE028 /* GameBackground.png in Resources */,
				3E4285C620BCBB2400AAE028 /* Block6.png in Resources */,
				3E78BD9920D9473600AADBC0 /* SoundSelected.WAV in Resources */,
				3E78BD9A20D9473600AADBC0 /* SoundMoveSuccess.wav in Resources */,
				3E478CFC20D7B0B500B33A19 /* Icon 120x120.jpg in Resources */,
				3E4285C020BC610E00AAE028 /* Block1.png in Resources */,
			);
			runOnlyForDeploymentPostprocessing = 0;
		};
/* End PBXResourcesBuildPhase section */

/* Begin PBXSourcesBuildPhase section */
		3E223FF220A8A2EE006A7D07 /* Sources */ = {
			isa = PBXSourcesBuildPhase;
			buildActionMask = 2147483647;
			files = (
				3E79688020D6B00B00F67483 /* LocalRecordDetailsViewController.swift in Sources */,
				3ED8464720BD107A003C4F63 /* UserViewController.swift in Sources */,
				3E79687420D5636F00F67483 /* RecordDetailsViewController.swift in Sources */,
				3E79687820D5A05C00F67483 /* UserData.swift in Sources */,
				3ED8464520BD103C003C4F63 /* LoginViewController.swift in Sources */,
				3E79687A20D6488900F67483 /* UserScore.swift in Sources */,
				3E4285A320BC5A5900AAE028 /* GameViewController.swift in Sources */,
				3ED8464920BD10AD003C4F63 /* SettingViewController.swift in Sources */,
				3E644CF920BD6B0E0089A411 /* RecordTableViewController.swift in Sources */,
				3E79687220D5636100F67483 /* RankingDetailsViewController.swift in Sources */,
				3E22400220A8A2EE006A7D07 /* univerSwuSaga.xcdatamodeld in Sources */,
				3E223FFC20A8A2EE006A7D07 /* ViewController.swift in Sources */,
				3ED8464320BD1019003C4F63 /* JoinViewController.swift in Sources */,
				3E79687E20D69EDE00F67483 /* LocalRecordTableViewController.swift in Sources */,
				3ED8464B20BD10E7003C4F63 /* RankingTableViewController.swift in Sources */,
				3E223FFA20A8A2EE006A7D07 /* AppDelegate.swift in Sources */,
			);
			runOnlyForDeploymentPostprocessing = 0;
		};
/* End PBXSourcesBuildPhase section */

/* Begin PBXVariantGroup section */
		3E223FFD20A8A2EE006A7D07 /* Main.storyboard */ = {
			isa = PBXVariantGroup;
			children = (
				3E223FFE20A8A2EE006A7D07 /* Base */,
			);
			name = Main.storyboard;
			sourceTree = "<group>";
		};
		3E22400520A8A2EE006A7D07 /* LaunchScreen.storyboard */ = {
			isa = PBXVariantGroup;
			children = (
				3E22400620A8A2EE006A7D07 /* Base */,
			);
			name = LaunchScreen.storyboard;
			sourceTree = "<group>";
		};
/* End PBXVariantGroup section */

/* Begin XCBuildConfiguration section */
		3E22400920A8A2EE006A7D07 /* Debug */ = {
			isa = XCBuildConfiguration;
			buildSettings = {
				ALWAYS_SEARCH_USER_PATHS = NO;
				CLANG_ANALYZER_NONNULL = YES;
				CLANG_ANALYZER_NUMBER_OBJECT_CONVERSION = YES_AGGRESSIVE;
				CLANG_CXX_LANGUAGE_STANDARD = "gnu++14";
				CLANG_CXX_LIBRARY = "libc++";
				CLANG_ENABLE_MODULES = YES;
				CLANG_ENABLE_OBJC_ARC = YES;
				CLANG_ENABLE_OBJC_WEAK = YES;
				CLANG_WARN_BLOCK_CAPTURE_AUTORELEASING = YES;
				CLANG_WARN_BOOL_CONVERSION = YES;
				CLANG_WARN_COMMA = YES;
				CLANG_WARN_CONSTANT_CONVERSION = YES;
				CLANG_WARN_DEPRECATED_OBJC_IMPLEMENTATIONS = YES;
				CLANG_WARN_DIRECT_OBJC_ISA_USAGE = YES_ERROR;
				CLANG_WARN_DOCUMENTATION_COMMENTS = YES;
				CLANG_WARN_EMPTY_BODY = YES;
				CLANG_WARN_ENUM_CONVERSION = YES;
				CLANG_WARN_INFINITE_RECURSION = YES;
				CLANG_WARN_INT_CONVERSION = YES;
				CLANG_WARN_NON_LITERAL_NULL_CONVERSION = YES;
				CLANG_WARN_OBJC_IMPLICIT_RETAIN_SELF = YES;
				CLANG_WARN_OBJC_LITERAL_CONVERSION = YES;
				CLANG_WARN_OBJC_ROOT_CLASS = YES_ERROR;
				CLANG_WARN_RANGE_LOOP_ANALYSIS = YES;
				CLANG_WARN_STRICT_PROTOTYPES = YES;
				CLANG_WARN_SUSPICIOUS_MOVE = YES;
				CLANG_WARN_UNGUARDED_AVAILABILITY = YES_AGGRESSIVE;
				CLANG_WARN_UNREACHABLE_CODE = YES;
				CLANG_WARN__DUPLICATE_METHOD_MATCH = YES;
				CODE_SIGN_IDENTITY = "iPhone Developer";
				COPY_PHASE_STRIP = NO;
				DEBUG_INFORMATION_FORMAT = dwarf;
				ENABLE_STRICT_OBJC_MSGSEND = YES;
				ENABLE_TESTABILITY = YES;
				GCC_C_LANGUAGE_STANDARD = gnu11;
				GCC_DYNAMIC_NO_PIC = NO;
				GCC_NO_COMMON_BLOCKS = YES;
				GCC_OPTIMIZATION_LEVEL = 0;
				GCC_PREPROCESSOR_DEFINITIONS = (
					"DEBUG=1",
					"$(inherited)",
				);
				GCC_WARN_64_TO_32_BIT_CONVERSION = YES;
				GCC_WARN_ABOUT_RETURN_TYPE = YES_ERROR;
				GCC_WARN_UNDECLARED_SELECTOR = YES;
				GCC_WARN_UNINITIALIZED_AUTOS = YES_AGGRESSIVE;
				GCC_WARN_UNUSED_FUNCTION = YES;
				GCC_WARN_UNUSED_VARIABLE = YES;
				IPHONEOS_DEPLOYMENT_TARGET = 11.3;
				MTL_ENABLE_DEBUG_INFO = YES;
				ONLY_ACTIVE_ARCH = YES;
				SDKROOT = iphoneos;
				SWIFT_ACTIVE_COMPILATION_CONDITIONS = DEBUG;
				SWIFT_OPTIMIZATION_LEVEL = "-Onone";
			};
			name = Debug;
		};
		3E22400A20A8A2EE006A7D07 /* Release */ = {
			isa = XCBuildConfiguration;
			buildSettings = {
				ALWAYS_SEARCH_USER_PATHS = NO;
				CLANG_ANALYZER_NONNULL = YES;
				CLANG_ANALYZER_NUMBER_OBJECT_CONVERSION = YES_AGGRESSIVE;
				CLANG_CXX_LANGUAGE_STANDARD = "gnu++14";
				CLANG_CXX_LIBRARY = "libc++";
				CLANG_ENABLE_MODULES = YES;
				CLANG_ENABLE_OBJC_ARC = YES;
				CLANG_ENABLE_OBJC_WEAK = YES;
				CLANG_WARN_BLOCK_CAPTURE_AUTORELEASING = YES;
				CLANG_WARN_BOOL_CONVERSION = YES;
				CLANG_WARN_COMMA = YES;
				CLANG_WARN_CONSTANT_CONVERSION = YES;
				CLANG_WARN_DEPRECATED_OBJC_IMPLEMENTATIONS = YES;
				CLANG_WARN_DIRECT_OBJC_ISA_USAGE = YES_ERROR;
				CLANG_WARN_DOCUMENTATION_COMMENTS = YES;
				CLANG_WARN_EMPTY_BODY = YES;
				CLANG_WARN_ENUM_CONVERSION = YES;
				CLANG_WARN_INFINITE_RECURSION = YES;
				CLANG_WARN_INT_CONVERSION = YES;
				CLANG_WARN_NON_LITERAL_NULL_CONVERSION = YES;
				CLANG_WARN_OBJC_IMPLICIT_RETAIN_SELF = YES;
				CLANG_WARN_OBJC_LITERAL_CONVERSION = YES;
				CLANG_WARN_OBJC_ROOT_CLASS = YES_ERROR;
				CLANG_WARN_RANGE_LOOP_ANALYSIS = YES;
				CLANG_WARN_STRICT_PROTOTYPES = YES;
				CLANG_WARN_SUSPICIOUS_MOVE = YES;
				CLANG_WARN_UNGUARDED_AVAILABILITY = YES_AGGRESSIVE;
				CLANG_WARN_UNREACHABLE_CODE = YES;
				CLANG_WARN__DUPLICATE_METHOD_MATCH = YES;
				CODE_SIGN_IDENTITY = "iPhone Developer";
				COPY_PHASE_STRIP = NO;
				DEBUG_INFORMATION_FORMAT = "dwarf-with-dsym";
				ENABLE_NS_ASSERTIONS = NO;
				ENABLE_STRICT_OBJC_MSGSEND = YES;
				GCC_C_LANGUAGE_STANDARD = gnu11;
				GCC_NO_COMMON_BLOCKS = YES;
				GCC_WARN_64_TO_32_BIT_CONVERSION = YES;
				GCC_WARN_ABOUT_RETURN_TYPE = YES_ERROR;
				GCC_WARN_UNDECLARED_SELECTOR = YES;
				GCC_WARN_UNINITIALIZED_AUTOS = YES_AGGRESSIVE;
				GCC_WARN_UNUSED_FUNCTION = YES;
				GCC_WARN_UNUSED_VARIABLE = YES;
				IPHONEOS_DEPLOYMENT_TARGET = 11.3;
				MTL_ENABLE_DEBUG_INFO = NO;
				SDKROOT = iphoneos;
				SWIFT_COMPILATION_MODE = wholemodule;
				SWIFT_OPTIMIZATION_LEVEL = "-O";
				VALIDATE_PRODUCT = YES;
			};
			name = Release;
		};
		3E22400C20A8A2EE006A7D07 /* Debug */ = {
			isa = XCBuildConfiguration;
			buildSettings = {
				ASSETCATALOG_COMPILER_APPICON_NAME = AppIcon;
				CODE_SIGN_STYLE = Automatic;
				INFOPLIST_FILE = univerSwuSaga/Info.plist;
				LD_RUNPATH_SEARCH_PATHS = (
					"$(inherited)",
					"@executable_path/Frameworks",
				);
				PRODUCT_BUNDLE_IDENTIFIER = swu.ac.kr.univerSwuSaga;
				PRODUCT_NAME = "$(TARGET_NAME)";
				SWIFT_VERSION = 4.0;
				TARGETED_DEVICE_FAMILY = "1,2";
			};
			name = Debug;
		};
		3E22400D20A8A2EE006A7D07 /* Release */ = {
			isa = XCBuildConfiguration;
			buildSettings = {
				ASSETCATALOG_COMPILER_APPICON_NAME = AppIcon;
				CODE_SIGN_STYLE = Automatic;
				INFOPLIST_FILE = univerSwuSaga/Info.plist;
				LD_RUNPATH_SEARCH_PATHS = (
					"$(inherited)",
					"@executable_path/Frameworks",
				);
				PRODUCT_BUNDLE_IDENTIFIER = swu.ac.kr.univerSwuSaga;
				PRODUCT_NAME = "$(TARGET_NAME)";
				SWIFT_VERSION = 4.0;
				TARGETED_DEVICE_FAMILY = "1,2";
			};
			name = Release;
		};
/* End XCBuildConfiguration section */

/* Begin XCConfigurationList section */
		3E223FF120A8A2EE006A7D07 /* Build configuration list for PBXProject "univerSwuSaga" */ = {
			isa = XCConfigurationList;
			buildConfigurations = (
				3E22400920A8A2EE006A7D07 /* Debug */,
				3E22400A20A8A2EE006A7D07 /* Release */,
			);
			defaultConfigurationIsVisible = 0;
			defaultConfigurationName = Release;
		};
		3E22400B20A8A2EE006A7D07 /* Build configuration list for PBXNativeTarget "univerSwuSaga" */ = {
			isa = XCConfigurationList;
			buildConfigurations = (
				3E22400C20A8A2EE006A7D07 /* Debug */,
				3E22400D20A8A2EE006A7D07 /* Release */,
			);
			defaultConfigurationIsVisible = 0;
			defaultConfigurationName = Release;
		};
/* End XCConfigurationList section */

/* Begin XCVersionGroup section */
		3E22400020A8A2EE006A7D07 /* univerSwuSaga.xcdatamodeld */ = {
			isa = XCVersionGroup;
			children = (
				3E22400120A8A2EE006A7D07 /* univerSwuSaga.xcdatamodel */,
			);
			currentVersion = 3E22400120A8A2EE006A7D07 /* univerSwuSaga.xcdatamodel */;
			path = univerSwuSaga.xcdatamodeld;
			sourceTree = "<group>";
			versionGroupType = wrapper.xcdatamodel;
		};
/* End XCVersionGroup section */
	};
	rootObject = 3E223FEE20A8A2EE006A7D07 /* Project object */;
}
